
Microsoft Visual Studio Solution File, Format Version 12.00
# Visual Studio 2015
Project("{FAE04EC0-301F-11D3-BF4B-00C04F79EFBC}") = "Laser2.CSharp", "Laser2.CSharp.csproj", "{6F3894FC-C9EA-A1EC-9D75-F502FA752AA1}"
EndProject
Global
	GlobalSection(SolutionConfigurationPlatforms) = preSolution
		Debug|Any CPU = Debug|Any CPU
		Release|Any CPU = Release|Any CPU
	EndGlobalSection
	GlobalSection(ProjectConfigurationPlatforms) = postSolution
		{6F3894FC-C9EA-A1EC-9D75-F502FA752AA1}.Debug|Any CPU.ActiveCfg = Debug|Any CPU
		{6F3894FC-C9EA-A1EC-9D75-F502FA752AA1}.Debug|Any CPU.Build.0 = Debug|Any CPU
		{6F3894FC-C9EA-A1EC-9D75-F502FA752AA1}.Release|Any CPU.ActiveCfg = Release|Any CPU
		{6F3894FC-C9EA-A1EC-9D75-F502FA752AA1}.Release|Any CPU.Build.0 = Release|Any CPU
	EndGlobalSection
	GlobalSection(SolutionProperties) = preSolution
		HideSolutionNode = FALSE
	EndGlobalSection
EndGlobal
